// !$*UTF8*$!
{
	archiveVersion = 1;
	classes = {
	};
	objectVersion = 77;
	objects = {

/* Begin PBXContainerItemProxy section */
		65406BD72DDFBE9200139AAE /* PBXContainerItemProxy */ = {
			isa = PBXContainerItemProxy;
			containerPortal = 65406BC12DDFBE8900139AAE /* Project object */;
			proxyType = 1;
			remoteGlobalIDString = 65406BC82DDFBE8900139AAE;
			remoteInfo = BitBeatSynth;
		};
		65406BE12DDFBE9200139AAE /* PBXContainerItemProxy */ = {
			isa = PBXContainerItemProxy;
			containerPortal = 65406BC12DDFBE8900139AAE /* Project object */;
			proxyType = 1;
			remoteGlobalIDString = 65406BC82DDFBE8900139AAE;
			remoteInfo = BitBeatSynth;
		};
/* End PBXContainerItemProxy section */

/* Begin PBXFileReference section */
		65406BC92DDFBE8A00139AAE /* BitBeatSynth.app */ = {isa = PBXFileReference; explicitFileType = wrapper.application; includeInIndex = 0; path = BitBeatSynth.app; sourceTree = BUILT_PRODUCTS_DIR; };
		65406BD62DDFBE9200139AAE /* BitBeatSynthTests.xctest */ = {isa = PBXFileReference; explicitFileType = wrapper.cfbundle; includeInIndex = 0; path = BitBeatSynthTests.xctest; sourceTree = BUILT_PRODUCTS_DIR; };
		65406BE02DDFBE9200139AAE /* BitBeatSynthUITests.xctest */ = {isa = PBXFileReference; explicitFileType = wrapper.cfbundle; includeInIndex = 0; path = BitBeatSynthUITests.xctest; sourceTree = BUILT_PRODUCTS_DIR; };
/* End PBXFileReference section */

/* Begin PBXFileSystemSynchronizedRootGroup section */
		65406BCB2DDFBE8A00139AAE /* BitBeatSynth */ = {
			isa = PBXFileSystemSynchronizedRootGroup;
			path = BitBeatSynth;
			sourceTree = "<group>";
		};
		65406BD92DDFBE9200139AAE /* BitBeatSynthTests */ = {
			isa = PBXFileSystemSynchronizedRootGroup;
			path = BitBeatSynthTests;
			sourceTree = "<group>";
		};
		65406BE32DDFBE9200139AAE /* BitBeatSynthUITests */ = {
			isa = PBXFileSystemSynchronizedRootGroup;
			path = BitBeatSynthUITests;
			sourceTree = "<group>";
		};
/* End PBXFileSystemSynchronizedRootGroup section */

/* Begin PBXFrameworksBuildPhase section */
		65406BC62DDFBE8900139AAE /* Frameworks */ = {
			isa = PBXFrameworksBuildPhase;
			buildActionMask = 2147483647;
			files = (
			);
			runOnlyForDeploymentPostprocessing = 0;
		};
		65406BD32DDFBE9200139AAE /* Frameworks */ = {
			isa = PBXFrameworksBuildPhase;
			buildActionMask = 2147483647;
			files = (
			);
			runOnlyForDeploymentPostprocessing = 0;
		};
		65406BDD2DDFBE9200139AAE /* Frameworks */ = {
			isa = PBXFrameworksBuildPhase;
			buildActionMask = 2147483647;
			files = (
			);
			runOnlyForDeploymentPostprocessing = 0;
		};
/* End PBXFrameworksBuildPhase section */

/* Begin PBXGroup section */
		65406BC02DDFBE8900139AAE = {
			isa = PBXGroup;
			children = (
				65406BCB2DDFBE8A00139AAE /* BitBeatSynth */,
				65406BD92DDFBE9200139AAE /* BitBeatSynthTests */,
				65406BE32DDFBE9200139AAE /* BitBeatSynthUITests */,
				65406BCA2DDFBE8A00139AAE /* Products */,
			);
			sourceTree = "<group>";
		};
		65406BCA2DDFBE8A00139AAE /* Products */ = {
			isa = PBXGroup;
			children = (
				65406BC92DDFBE8A00139AAE /* BitBeatSynth.app */,
				65406BD62DDFBE9200139AAE /* BitBeatSynthTests.xctest */,
				65406BE02DDFBE9200139AAE /* BitBeatSynthUITests.xctest */,
			);
			name = Products;
			sourceTree = "<group>";
		};
/* End PBXGroup section */

/* Begin PBXNativeTarget section */
		65406BC82DDFBE8900139AAE /* BitBeatSynth */ = {
			isa = PBXNativeTarget;
			buildConfigurationList = 65406BEA2DDFBE9200139AAE /* Build configuration list for PBXNativeTarget "BitBeatSynth" */;
			buildPhases = (
				65406BC52DDFBE8900139AAE /* Sources */,
				65406BC62DDFBE8900139AAE /* Frameworks */,
				65406BC72DDFBE8900139AAE /* Resources */,
			);
			buildRules = (
			);
			dependencies = (
			);
			fileSystemSynchronizedGroups = (
				65406BCB2DDFBE8A00139AAE /* BitBeatSynth */,
			);
			name = BitBeatSynth;
			packageProductDependencies = (
			);
			productName = BitBeatSynth;
			productReference = 65406BC92DDFBE8A00139AAE /* BitBeatSynth.app */;
			productType = "com.apple.product-type.application";
		};
		65406BD52DDFBE9200139AAE /* BitBeatSynthTests */ = {
			isa = PBXNativeTarget;
			buildConfigurationList = 65406BED2DDFBE9200139AAE /* Build configuration list for PBXNativeTarget "BitBeatSynthTests" */;
			buildPhases = (
				65406BD22DDFBE9200139AAE /* Sources */,
				65406BD32DDFBE9200139AAE /* Frameworks */,
				65406BD42DDFBE9200139AAE /* Resources */,
			);
			buildRules = (
			);
			dependencies = (
				65406BD82DDFBE9200139AAE /* PBXTargetDependency */,
			);
			fileSystemSynchronizedGroups = (
				65406BD92DDFBE9200139AAE /* BitBeatSynthTests */,
			);
			name = BitBeatSynthTests;
			packageProductDependencies = (
			);
			productName = BitBeatSynthTests;
			productReference = 65406BD62DDFBE9200139AAE /* BitBeatSynthTests.xctest */;
			productType = "com.apple.product-type.bundle.unit-test";
		};
		65406BDF2DDFBE9200139AAE /* BitBeatSynthUITests */ = {
			isa = PBXNativeTarget;
			buildConfigurationList = 65406BF02DDFBE9200139AAE /* Build configuration list for PBXNativeTarget "BitBeatSynthUITests" */;
			buildPhases = (
				65406BDC2DDFBE9200139AAE /* Sources */,
				65406BDD2DDFBE9200139AAE /* Frameworks */,
				65406BDE2DDFBE9200139AAE /* Resources */,
			);
			buildRules = (
			);
			dependencies = (
				65406BE22DDFBE9200139AAE /* PBXTargetDependency */,
			);
			fileSystemSynchronizedGroups = (
				65406BE32DDFBE9200139AAE /* BitBeatSynthUITests */,
			);
			name = BitBeatSynthUITests;
			packageProductDependencies = (
			);
			productName = BitBeatSynthUITests;
			productReference = 65406BE02DDFBE9200139AAE /* BitBeatSynthUITests.xctest */;
			productType = "com.apple.product-type.bundle.ui-testing";
		};
/* End PBXNativeTarget section */

/* Begin PBXProject section */
		65406BC12DDFBE8900139AAE /* Project object */ = {
			isa = PBXProject;
			attributes = {
				BuildIndependentTargetsInParallel = 1;
				LastSwiftUpdateCheck = 1630;
				LastUpgradeCheck = 1630;
				TargetAttributes = {
					65406BC82DDFBE8900139AAE = {
						CreatedOnToolsVersion = 16.3;
					};
					65406BD52DDFBE9200139AAE = {
						CreatedOnToolsVersion = 16.3;
						TestTargetID = 65406BC82DDFBE8900139AAE;
					};
					65406BDF2DDFBE9200139AAE = {
						CreatedOnToolsVersion = 16.3;
						TestTargetID = 65406BC82DDFBE8900139AAE;
					};
				};
			};
			buildConfigurationList = 65406BC42DDFBE8900139AAE /* Build configuration list for PBXProject "BitBeatSynth" */;
			developmentRegion = en;
			hasScannedForEncodings = 0;
			knownRegions = (
				en,
				Base,
			);
			mainGroup = 65406BC02DDFBE8900139AAE;
			minimizedProjectReferenceProxies = 1;
			preferredProjectObjectVersion = 77;
			productRefGroup = 65406BCA2DDFBE8A00139AAE /* Products */;
			projectDirPath = "";
			projectRoot = "";
			targets = (
				65406BC82DDFBE8900139AAE /* BitBeatSynth */,
				65406BD52DDFBE9200139AAE /* BitBeatSynthTests */,
				65406BDF2DDFBE9200139AAE /* BitBeatSynthUITests */,
			);
		};
/* End PBXProject section */

/* Begin PBXResourcesBuildPhase section */
		65406BC72DDFBE8900139AAE /* Resources */ = {
			isa = PBXResourcesBuildPhase;
			buildActionMask = 2147483647;
			files = (
			);
			runOnlyForDeploymentPostprocessing = 0;
		};
		65406BD42DDFBE9200139AAE /* Resources */ = {
			isa = PBXResourcesBuildPhase;
			buildActionMask = 2147483647;
			files = (
			);
			runOnlyForDeploymentPostprocessing = 0;
		};
		65406BDE2DDFBE9200139AAE /* Resources */ = {
			isa = PBXResourcesBuildPhase;
			buildActionMask = 2147483647;
			files = (
			);
			runOnlyForDeploymentPostprocessing = 0;
		};
/* End PBXResourcesBuildPhase section */

/* Begin PBXSourcesBuildPhase section */
		65406BC52DDFBE8900139AAE /* Sources */ = {
			isa = PBXSourcesBuildPhase;
			buildActionMask = 2147483647;
			files = (
			);
			runOnlyForDeploymentPostprocessing = 0;
		};
		65406BD22DDFBE9200139AAE /* Sources */ = {
			isa = PBXSourcesBuildPhase;
			buildActionMask = 2147483647;
			files = (
			);
			runOnlyForDeploymentPostprocessing = 0;
		};
		65406BDC2DDFBE9200139AAE /* Sources */ = {
			isa = PBXSourcesBuildPhase;
			buildActionMask = 2147483647;
			files = (
			);
			runOnlyForDeploymentPostprocessing = 0;
		};
/* End PBXSourcesBuildPhase section */

/* Begin PBXTargetDependency section */
		65406BD82DDFBE9200139AAE /* PBXTargetDependency */ = {
			isa = PBXTargetDependency;
			target = 65406BC82DDFBE8900139AAE /* BitBeatSynth */;
			targetProxy = 65406BD72DDFBE9200139AAE /* PBXContainerItemProxy */;
		};
		65406BE22DDFBE9200139AAE /* PBXTargetDependency */ = {
			isa = PBXTargetDependency;
			target = 65406BC82DDFBE8900139AAE /* BitBeatSynth */;
			targetProxy = 65406BE12DDFBE9200139AAE /* PBXContainerItemProxy */;
		};
/* End PBXTargetDependency section */

/* Begin XCBuildConfiguration section */
		65406BE82DDFBE9200139AAE /* Debug */ = {
			isa = XCBuildConfiguration;
			buildSettings = {
				ALWAYS_SEARCH_USER_PATHS = NO;
				ASSETCATALOG_COMPILER_GENERATE_SWIFT_ASSET_SYMBOL_EXTENSIONS = YES;
				CLANG_ANALYZER_NONNULL = YES;
				CLANG_ANALYZER_NUMBER_OBJECT_CONVERSION = YES_AGGRESSIVE;
				CLANG_CXX_LANGUAGE_STANDARD = "gnu++20";
				CLANG_ENABLE_MODULES = YES;
				CLANG_ENABLE_OBJC_ARC = YES;
				CLANG_ENABLE_OBJC_WEAK = YES;
				CLANG_WARN_BLOCK_CAPTURE_AUTORELEASING = YES;
				CLANG_WARN_BOOL_CONVERSION = YES;
				CLANG_WARN_COMMA = YES;
				CLANG_WARN_CONSTANT_CONVERSION = YES;
				CLANG_WARN_DEPRECATED_OBJC_IMPLEMENTATIONS = YES;
				CLANG_WARN_DIRECT_OBJC_ISA_USAGE = YES_ERROR;
				CLANG_WARN_DOCUMENTATION_COMMENTS = YES;
				CLANG_WARN_EMPTY_BODY = YES;
				CLANG_WARN_ENUM_CONVERSION = YES;
				CLANG_WARN_INFINITE_RECURSION = YES;
				CLANG_WARN_INT_CONVERSION = YES;
				CLANG_WARN_NON_LITERAL_NULL_CONVERSION = YES;
				CLANG_WARN_OBJC_IMPLICIT_RETAIN_SELF = YES;
				CLANG_WARN_OBJC_LITERAL_CONVERSION = YES;
				CLANG_WARN_OBJC_ROOT_CLASS = YES_ERROR;
				CLANG_WARN_QUOTED_INCLUDE_IN_FRAMEWORK_HEADER = YES;
				CLANG_WARN_RANGE_LOOP_ANALYSIS = YES;
				CLANG_WARN_STRICT_PROTOTYPES = YES;
				CLANG_WARN_SUSPICIOUS_MOVE = YES;
				CLANG_WARN_UNGUARDED_AVAILABILITY = YES_AGGRESSIVE;
				CLANG_WARN_UNREACHABLE_CODE = YES;
				CLANG_WARN__DUPLICATE_METHOD_MATCH = YES;
				COPY_PHASE_STRIP = NO;
				DEBUG_INFORMATION_FORMAT = dwarf;
				ENABLE_STRICT_OBJC_MSGSEND = YES;
				ENABLE_TESTABILITY = YES;
				ENABLE_USER_SCRIPT_SANDBOXING = YES;
				GCC_C_LANGUAGE_STANDARD = gnu17;
				GCC_DYNAMIC_NO_PIC = NO;
				GCC_NO_COMMON_BLOCKS = YES;
				GCC_OPTIMIZATION_LEVEL = 0;
				GCC_PREPROCESSOR_DEFINITIONS = (
					"DEBUG=1",
					"$(inherited)",
				);
				GCC_WARN_64_TO_32_BIT_CONVERSION = YES;
				GCC_WARN_ABOUT_RETURN_TYPE = YES_ERROR;
				GCC_WARN_UNDECLARED_SELECTOR = YES;
				GCC_WARN_UNINITIALIZED_AUTOS = YES_AGGRESSIVE;
				GCC_WARN_UNUSED_FUNCTION = YES;
				GCC_WARN_UNUSED_VARIABLE = YES;
				IPHONEOS_DEPLOYMENT_TARGET = 18.4;
				LOCALIZATION_PREFERS_STRING_CATALOGS = YES;
				MTL_ENABLE_DEBUG_INFO = INCLUDE_SOURCE;
				MTL_FAST_MATH = YES;
				ONLY_ACTIVE_ARCH = YES;
				SDKROOT = iphoneos;
				SWIFT_ACTIVE_COMPILATION_CONDITIONS = "DEBUG $(inherited)";
				SWIFT_OPTIMIZATION_LEVEL = "-Onone";
			};
			name = Debug;
		};
		65406BE92DDFBE9200139AAE /* Release */ = {
			isa = XCBuildConfiguration;
			buildSettings = {
				ALWAYS_SEARCH_USER_PATHS = NO;
				ASSETCATALOG_COMPILER_GENERATE_SWIFT_ASSET_SYMBOL_EXTENSIONS = YES;
				CLANG_ANALYZER_NONNULL = YES;
				CLANG_ANALYZER_NUMBER_OBJECT_CONVERSION = YES_AGGRESSIVE;
				CLANG_CXX_LANGUAGE_STANDARD = "gnu++20";
				CLANG_ENABLE_MODULES = YES;
				CLANG_ENABLE_OBJC_ARC = YES;
				CLANG_ENABLE_OBJC_WEAK = YES;
				CLANG_WARN_BLOCK_CAPTURE_AUTORELEASING = YES;
				CLANG_WARN_BOOL_CONVERSION = YES;
				CLANG_WARN_COMMA = YES;
				CLANG_WARN_CONSTANT_CONVERSION = YES;
				CLANG_WARN_DEPRECATED_OBJC_IMPLEMENTATIONS = YES;
				CLANG_WARN_DIRECT_OBJC_ISA_USAGE = YES_ERROR;
				CLANG_WARN_DOCUMENTATION_COMMENTS = YES;
				CLANG_WARN_EMPTY_BODY = YES;
				CLANG_WARN_ENUM_CONVERSION = YES;
				CLANG_WARN_INFINITE_RECURSION = YES;
				CLANG_WARN_INT_CONVERSION = YES;
				CLANG_WARN_NON_LITERAL_NULL_CONVERSION = YES;
				CLANG_WARN_OBJC_IMPLICIT_RETAIN_SELF = YES;
				CLANG_WARN_OBJC_LITERAL_CONVERSION = YES;
				CLANG_WARN_OBJC_ROOT_CLASS = YES_ERROR;
				CLANG_WARN_QUOTED_INCLUDE_IN_FRAMEWORK_HEADER = YES;
				CLANG_WARN_RANGE_LOOP_ANALYSIS = YES;
				CLANG_WARN_STRICT_PROTOTYPES = YES;
				CLANG_WARN_SUSPICIOUS_MOVE = YES;
				CLANG_WARN_UNGUARDED_AVAILABILITY = YES_AGGRESSIVE;
				CLANG_WARN_UNREACHABLE_CODE = YES;
				CLANG_WARN__DUPLICATE_METHOD_MATCH = YES;
				COPY_PHASE_STRIP = NO;
				DEBUG_INFORMATION_FORMAT = "dwarf-with-dsym";
				ENABLE_NS_ASSERTIONS = NO;
				ENABLE_STRICT_OBJC_MSGSEND = YES;
				ENABLE_USER_SCRIPT_SANDBOXING = YES;
				GCC_C_LANGUAGE_STANDARD = gnu17;
				GCC_NO_COMMON_BLOCKS = YES;
				GCC_WARN_64_TO_32_BIT_CONVERSION = YES;
				GCC_WARN_ABOUT_RETURN_TYPE = YES_ERROR;
				GCC_WARN_UNDECLARED_SELECTOR = YES;
				GCC_WARN_UNINITIALIZED_AUTOS = YES_AGGRESSIVE;
				GCC_WARN_UNUSED_FUNCTION = YES;
				GCC_WARN_UNUSED_VARIABLE = YES;
				IPHONEOS_DEPLOYMENT_TARGET = 18.4;
				LOCALIZATION_PREFERS_STRING_CATALOGS = YES;
				MTL_ENABLE_DEBUG_INFO = NO;
				MTL_FAST_MATH = YES;
				SDKROOT = iphoneos;
				SWIFT_COMPILATION_MODE = wholemodule;
				VALIDATE_PRODUCT = YES;
			};
			name = Release;
		};
		65406BEB2DDFBE9200139AAE /* Debug */ = {
			isa = XCBuildConfiguration;
			buildSettings = {
				ASSETCATALOG_COMPILER_APPICON_NAME = AppIcon;
				ASSETCATALOG_COMPILER_GLOBAL_ACCENT_COLOR_NAME = AccentColor;
				CODE_SIGN_STYLE = Automatic;
				CURRENT_PROJECT_VERSION = 1;
				DEVELOPMENT_TEAM = LHJ2FCHQHW;
				ENABLE_PREVIEWS = YES;
				GENERATE_INFOPLIST_FILE = YES;
				INFOPLIST_KEY_UIApplicationSceneManifest_Generation = YES;
				INFOPLIST_KEY_UIApplicationSupportsIndirectInputEvents = YES;
				INFOPLIST_KEY_UILaunchScreen_Generation = YES;
				INFOPLIST_KEY_UISupportedInterfaceOrientations_iPad = "UIInterfaceOrientationPortrait UIInterfaceOrientationPortraitUpsideDown UIInterfaceOrientationLandscapeLeft UIInterfaceOrientationLandscapeRight";
				INFOPLIST_KEY_UISupportedInterfaceOrientations_iPhone = "UIInterfaceOrientationPortrait UIInterfaceOrientationLandscapeLeft UIInterfaceOrientationLandscapeRight";
				LD_RUNPATH_SEARCH_PATHS = (
					"$(inherited)",
					"@executable_path/Frameworks",
				);
				MARKETING_VERSION = 1.0;
				PRODUCT_BUNDLE_IDENTIFIER = com.soundartgames.BitBeatSynth;
				PRODUCT_NAME = "$(TARGET_NAME)";
				SWIFT_EMIT_LOC_STRINGS = YES;
				SWIFT_VERSION = 5.0;
				TARGETED_DEVICE_FAMILY = "1,2";
			};
			name = Debug;
		};
		65406BEC2DDFBE9200139AAE /* Release */ = {
			isa = XCBuildConfiguration;
			buildSettings = {
				ASSETCATALOG_COMPILER_APPICON_NAME = AppIcon;
				ASSETCATALOG_COMPILER_GLOBAL_ACCENT_COLOR_NAME = AccentColor;
				CODE_SIGN_STYLE = Automatic;
				CURRENT_PROJECT_VERSION = 1;
				DEVELOPMENT_TEAM = LHJ2FCHQHW;
				ENABLE_PREVIEWS = YES;
				GENERATE_INFOPLIST_FILE = YES;
				INFOPLIST_KEY_UIApplicationSceneManifest_Generation = YES;
				INFOPLIST_KEY_UIApplicationSupportsIndirectInputEvents = YES;
				INFOPLIST_KEY_UILaunchScreen_Generation = YES;
				INFOPLIST_KEY_UISupportedInterfaceOrientations_iPad = "UIInterfaceOrientationPortrait UIInterfaceOrientationPortraitUpsideDown UIInterfaceOrientationLandscapeLeft UIInterfaceOrientationLandscapeRight";
				INFOPLIST_KEY_UISupportedInterfaceOrientations_iPhone = "UIInterfaceOrientationPortrait UIInterfaceOrientationLandscapeLeft UIInterfaceOrientationLandscapeRight";
				LD_RUNPATH_SEARCH_PATHS = (
					"$(inherited)",
					"@executable_path/Frameworks",
				);
				MARKETING_VERSION = 1.0;
				PRODUCT_BUNDLE_IDENTIFIER = com.soundartgames.BitBeatSynth;
				PRODUCT_NAME = "$(TARGET_NAME)";
				SWIFT_EMIT_LOC_STRINGS = YES;
				SWIFT_VERSION = 5.0;
				TARGETED_DEVICE_FAMILY = "1,2";
			};
			name = Release;
		};
		65406BEE2DDFBE9200139AAE /* Debug */ = {
			isa = XCBuildConfiguration;
			buildSettings = {
				BUNDLE_LOADER = "$(TEST_HOST)";
				CODE_SIGN_STYLE = Automatic;
				CURRENT_PROJECT_VERSION = 1;
				GENERATE_INFOPLIST_FILE = YES;
				IPHONEOS_DEPLOYMENT_TARGET = 18.4;
				MARKETING_VERSION = 1.0;
				PRODUCT_BUNDLE_IDENTIFIER = com.nuclearhobbit.BitBeatSynthTests;
				PRODUCT_NAME = "$(TARGET_NAME)";
				SWIFT_EMIT_LOC_STRINGS = NO;
				SWIFT_VERSION = 5.0;
				TARGETED_DEVICE_FAMILY = "1,2";
				TEST_HOST = "$(BUILT_PRODUCTS_DIR)/BitBeatSynth.app/$(BUNDLE_EXECUTABLE_FOLDER_PATH)/BitBeatSynth";
			};
			name = Debug;
		};
		65406BEF2DDFBE9200139AAE /* Release */ = {
			isa = XCBuildConfiguration;
			buildSettings = {
				BUNDLE_LOADER = "$(TEST_HOST)";
				CODE_SIGN_STYLE = Automatic;
				CURRENT_PROJECT_VERSION = 1;
				GENERATE_INFOPLIST_FILE = YES;
				IPHONEOS_DEPLOYMENT_TARGET = 18.4;
				MARKETING_VERSION = 1.0;
				PRODUCT_BUNDLE_IDENTIFIER = com.nuclearhobbit.BitBeatSynthTests;
				PRODUCT_NAME = "$(TARGET_NAME)";
				SWIFT_EMIT_LOC_STRINGS = NO;
				SWIFT_VERSION = 5.0;
				TARGETED_DEVICE_FAMILY = "1,2";
				TEST_HOST = "$(BUILT_PRODUCTS_DIR)/BitBeatSynth.app/$(BUNDLE_EXECUTABLE_FOLDER_PATH)/BitBeatSynth";
			};
			name = Release;
		};
		65406BF12DDFBE9200139AAE /* Debug */ = {
			isa = XCBuildConfiguration;
			buildSettings = {
				CODE_SIGN_STYLE = Automatic;
				CURRENT_PROJECT_VERSION = 1;
				GENERATE_INFOPLIST_FILE = YES;
				MARKETING_VERSION = 1.0;
				PRODUCT_BUNDLE_IDENTIFIER = com.nuclearhobbit.BitBeatSynthUITests;
				PRODUCT_NAME = "$(TARGET_NAME)";
				SWIFT_EMIT_LOC_STRINGS = NO;
				SWIFT_VERSION = 5.0;
				TARGETED_DEVICE_FAMILY = "1,2";
				TEST_TARGET_NAME = BitBeatSynth;
			};
			name = Debug;
		};
		65406BF22DDFBE9200139AAE /* Release */ = {
			isa = XCBuildConfiguration;
			buildSettings = {
				CODE_SIGN_STYLE = Automatic;
				CURRENT_PROJECT_VERSION = 1;
				GENERATE_INFOPLIST_FILE = YES;
				MARKETING_VERSION = 1.0;
				PRODUCT_BUNDLE_IDENTIFIER = com.nuclearhobbit.BitBeatSynthUITests;
				PRODUCT_NAME = "$(TARGET_NAME)";
				SWIFT_EMIT_LOC_STRINGS = NO;
				SWIFT_VERSION = 5.0;
				TARGETED_DEVICE_FAMILY = "1,2";
				TEST_TARGET_NAME = BitBeatSynth;
			};
			name = Release;
		};
/* End XCBuildConfiguration section */

/* Begin XCConfigurationList section */
		65406BC42DDFBE8900139AAE /* Build configuration list for PBXProject "BitBeatSynth" */ = {
			isa = XCConfigurationList;
			buildConfigurations = (
				65406BE82DDFBE9200139AAE /* Debug */,
				65406BE92DDFBE9200139AAE /* Release */,
			);
			defaultConfigurationIsVisible = 0;
			defaultConfigurationName = Release;
		};
		65406BEA2DDFBE9200139AAE /* Build configuration list for PBXNativeTarget "BitBeatSynth" */ = {
			isa = XCConfigurationList;
			buildConfigurations = (
				65406BEB2DDFBE9200139AAE /* Debug */,
				65406BEC2DDFBE9200139AAE /* Release */,
			);
			defaultConfigurationIsVisible = 0;
			defaultConfigurationName = Release;
		};
		65406BED2DDFBE9200139AAE /* Build configuration list for PBXNativeTarget "BitBeatSynthTests" */ = {
			isa = XCConfigurationList;
			buildConfigurations = (
				65406BEE2DDFBE9200139AAE /* Debug */,
				65406BEF2DDFBE9200139AAE /* Release */,
			);
			defaultConfigurationIsVisible = 0;
			defaultConfigurationName = Release;
		};
		65406BF02DDFBE9200139AAE /* Build configuration list for PBXNativeTarget "BitBeatSynthUITests" */ = {
			isa = XCConfigurationList;
			buildConfigurations = (
				65406BF12DDFBE9200139AAE /* Debug */,
				65406BF22DDFBE9200139AAE /* Release */,
			);
			defaultConfigurationIsVisible = 0;
			defaultConfigurationName = Release;
		};
/* End XCConfigurationList section */
	};
	rootObject = 65406BC12DDFBE8900139AAE /* Project object */;
}
